
Microsoft Visual Studio Solution File, Format Version 12.00
# Visual Studio Version 17
VisualStudioVersion = 17.0.31903.59
MinimumVisualStudioVersion = 10.0.40219.1
Project("{FAE04EC0-301F-11D3-BF4B-00C04F79EFBC}") = "Depths.WindowsDX.Core", "Depths.Core\Depths.WindowsDX.Core.csproj", "{49F15A02-97DB-C4E4-B441-355C982CFE73}"
EndProject
Project("{FAE04EC0-301F-11D3-BF4B-00C04F79EFBC}") = "Depths.WindowsDX.Game", "Depths.Game\Depths.WindowsDX.Game\Depths.WindowsDX.Game.csproj", "{27C5CF70-8012-7242-4565-5E9353E61A40}"
EndProject
Global
	GlobalSection(SolutionConfigurationPlatforms) = preSolution
		Debug|Any CPU = Debug|Any CPU
		Release|Any CPU = Release|Any CPU
	EndGlobalSection
	GlobalSection(ProjectConfigurationPlatforms) = postSolution
		{49F15A02-97DB-C4E4-B441-355C982CFE73}.Debug|Any CPU.ActiveCfg = Debug|Any CPU
		{49F15A02-97DB-C4E4-B441-355C982CFE73}.Debug|Any CPU.Build.0 = Debug|Any CPU
		{49F15A02-97DB-C4E4-B441-355C982CFE73}.Release|Any CPU.ActiveCfg = Release|Any CPU
		{49F15A02-97DB-C4E4-B441-355C982CFE73}.Release|Any CPU.Build.0 = Release|Any CPU
		{27C5CF70-8012-7242-4565-5E9353E61A40}.Debug|Any CPU.ActiveCfg = Debug|Any CPU
		{27C5CF70-8012-7242-4565-5E9353E61A40}.Debug|Any CPU.Build.0 = Debug|Any CPU
		{27C5CF70-8012-7242-4565-5E9353E61A40}.Release|Any CPU.ActiveCfg = Release|Any CPU
		{27C5CF70-8012-7242-4565-5E9353E61A40}.Release|Any CPU.Build.0 = Release|Any CPU
	EndGlobalSection
	GlobalSection(SolutionProperties) = preSolution
		HideSolutionNode = FALSE
	EndGlobalSection
EndGlobal
