
Microsoft Visual Studio Solution File, Format Version 12.00
# Visual Studio Version 17
VisualStudioVersion = 17.0.31903.59
MinimumVisualStudioVersion = 10.0.40219.1
Project("{FAE04EC0-301F-11D3-BF4B-00C04F79EFBC}") = "Depths.DesktopGL.Core", "Depths.Core\Depths.DesktopGL.Core.csproj", "{0218935A-6F52-48C6-C851-FD113C5DE7CC}"
EndProject
Project("{FAE04EC0-301F-11D3-BF4B-00C04F79EFBC}") = "Depths.DesktopGL.Game", "Depths.Game\Depths.DesktopGL.Game\Depths.DesktopGL.Game.csproj", "{8AD40C55-0340-A156-A5DC-E37A92531D84}"
EndProject
Global
	GlobalSection(SolutionConfigurationPlatforms) = preSolution
		Debug|Any CPU = Debug|Any CPU
		Release|Any CPU = Release|Any CPU
	EndGlobalSection
	GlobalSection(ProjectConfigurationPlatforms) = postSolution
		{0218935A-6F52-48C6-C851-FD113C5DE7CC}.Debug|Any CPU.ActiveCfg = Debug|Any CPU
		{0218935A-6F52-48C6-C851-FD113C5DE7CC}.Debug|Any CPU.Build.0 = Debug|Any CPU
		{0218935A-6F52-48C6-C851-FD113C5DE7CC}.Release|Any CPU.ActiveCfg = Release|Any CPU
		{0218935A-6F52-48C6-C851-FD113C5DE7CC}.Release|Any CPU.Build.0 = Release|Any CPU
		{8AD40C55-0340-A156-A5DC-E37A92531D84}.Debug|Any CPU.ActiveCfg = Debug|Any CPU
		{8AD40C55-0340-A156-A5DC-E37A92531D84}.Debug|Any CPU.Build.0 = Debug|Any CPU
		{8AD40C55-0340-A156-A5DC-E37A92531D84}.Release|Any CPU.ActiveCfg = Release|Any CPU
		{8AD40C55-0340-A156-A5DC-E37A92531D84}.Release|Any CPU.Build.0 = Release|Any CPU
	EndGlobalSection
	GlobalSection(SolutionProperties) = preSolution
		HideSolutionNode = FALSE
	EndGlobalSection
EndGlobal
